{
  "name": "nodeapp",
  "version": "1.0.0",
  "lockfileVersion": 2,
  "requires": true,
  "packages": {
    "": {
      "name": "nodeapp",
      "version": "1.0.0",
      "license": "ISC",
      "dependencies": {
        "ad-lib-909": "^1.0.0"
      }
    },
    "node_modules/ad-lib-909": {
      "version": "1.1.1",
      "resolved": "https://registry.npmjs.org/ad-lib-909/-/ad-lib-909-1.1.1.tgz",
      "integrity": "sha512-gmWl1V83C6AMyNPMfWl6BqVRGXKxxMvOnQXJvv/TJMQsNsbf9xGbJeE9R/NDuknSRT3yG6rfueTQPKVy0l64jQ=="
    }
  },
  "dependencies": {
    "ad-lib-909": {
      "version": "1.1.1",
      "resolved": "https://registry.npmjs.org/ad-lib-909/-/ad-lib-909-1.1.1.tgz",
      "integrity": "sha512-gmWl1V83C6AMyNPMfWl6BqVRGXKxxMvOnQXJvv/TJMQsNsbf9xGbJeE9R/NDuknSRT3yG6rfueTQPKVy0l64jQ=="
    }
  }
}
